
Microsoft Visual Studio Solution File, Format Version 12.00
# Visual Studio Version 16
VisualStudioVersion = 16.0.30804.86
MinimumVisualStudioVersion = 10.0.40219.1
Project("{FAE04EC0-301F-11D3-BF4B-00C04F79EFBC}") = "2-Inheritance", "2-Inheritance.csproj", "{6687D97A-27F7-404B-9E77-FA1787F9D472}"
EndProject
Global
	GlobalSection(SolutionConfigurationPlatforms) = preSolution
		Debug|Any CPU = Debug|Any CPU
		Release|Any CPU = Release|Any CPU
	EndGlobalSection
	GlobalSection(ProjectConfigurationPlatforms) = postSolution
		{6687D97A-27F7-404B-9E77-FA1787F9D472}.Debug|Any CPU.ActiveCfg = Debug|Any CPU
		{6687D97A-27F7-404B-9E77-FA1787F9D472}.Debug|Any CPU.Build.0 = Debug|Any CPU
		{6687D97A-27F7-404B-9E77-FA1787F9D472}.Release|Any CPU.ActiveCfg = Release|Any CPU
		{6687D97A-27F7-404B-9E77-FA1787F9D472}.Release|Any CPU.Build.0 = Release|Any CPU
	EndGlobalSection
	GlobalSection(SolutionProperties) = preSolution
		HideSolutionNode = FALSE
	EndGlobalSection
	GlobalSection(ExtensibilityGlobals) = postSolution
		SolutionGuid = {900C5D80-891C-4174-88ED-396D22FD7F43}
	EndGlobalSection
EndGlobal
